
Microsoft Visual Studio Solution File, Format Version 12.00
# Visual Studio Version 17
VisualStudioVersion = 17.9.34616.47
MinimumVisualStudioVersion = 10.0.40219.1
Project("{FAE04EC0-301F-11D3-BF4B-00C04F79EFBC}") = "EmployeePortal", "EmployeePortal.csproj", "{4E6CC708-EE2D-4CBF-AC60-4FAB1BA2ED9F}"
EndProject
Global
	GlobalSection(SolutionConfigurationPlatforms) = preSolution
		Debug|Any CPU = Debug|Any CPU
		Release|Any CPU = Release|Any CPU
	EndGlobalSection
	GlobalSection(ProjectConfigurationPlatforms) = postSolution
		{4E6CC708-EE2D-4CBF-AC60-4FAB1BA2ED9F}.Debug|Any CPU.ActiveCfg = Debug|Any CPU
		{4E6CC708-EE2D-4CBF-AC60-4FAB1BA2ED9F}.Debug|Any CPU.Build.0 = Debug|Any CPU
		{4E6CC708-EE2D-4CBF-AC60-4FAB1BA2ED9F}.Release|Any CPU.ActiveCfg = Release|Any CPU
		{4E6CC708-EE2D-4CBF-AC60-4FAB1BA2ED9F}.Release|Any CPU.Build.0 = Release|Any CPU
	EndGlobalSection
	GlobalSection(SolutionProperties) = preSolution
		HideSolutionNode = FALSE
	EndGlobalSection
	GlobalSection(ExtensibilityGlobals) = postSolution
		SolutionGuid = {F0B91ECB-0039-49B7-B1B1-035184C00895}
	EndGlobalSection
EndGlobal
